
Microsoft Visual Studio Solution File, Format Version 12.00
# Visual Studio Version 16
VisualStudioVersion = 16.0.30128.74
MinimumVisualStudioVersion = 10.0.40219.1
Project("{FAE04EC0-301F-11D3-BF4B-00C04F79EFBC}") = "Dropzone.ASPNET.MVC", "Dropzone.ASPNET.MVC\Dropzone.ASPNET.MVC.csproj", "{7DD41157-EEDB-497D-BE72-98C3B7BC7054}"
EndProject
Project("{FAE04EC0-301F-11D3-BF4B-00C04F79EFBC}") = "Dropzone.ASPNET.Core", "Dropzone.ASPNET.Core\Dropzone.ASPNET.Core.csproj", "{B2BB3372-F2E2-4AA3-83FD-F33924F51492}"
EndProject
Global
	GlobalSection(SolutionConfigurationPlatforms) = preSolution
		Debug|Any CPU = Debug|Any CPU
		Release|Any CPU = Release|Any CPU
	EndGlobalSection
	GlobalSection(ProjectConfigurationPlatforms) = postSolution
		{7DD41157-EEDB-497D-BE72-98C3B7BC7054}.Debug|Any CPU.ActiveCfg = Debug|Any CPU
		{7DD41157-EEDB-497D-BE72-98C3B7BC7054}.Debug|Any CPU.Build.0 = Debug|Any CPU
		{7DD41157-EEDB-497D-BE72-98C3B7BC7054}.Release|Any CPU.ActiveCfg = Release|Any CPU
		{7DD41157-EEDB-497D-BE72-98C3B7BC7054}.Release|Any CPU.Build.0 = Release|Any CPU
		{B2BB3372-F2E2-4AA3-83FD-F33924F51492}.Debug|Any CPU.ActiveCfg = Debug|Any CPU
		{B2BB3372-F2E2-4AA3-83FD-F33924F51492}.Debug|Any CPU.Build.0 = Debug|Any CPU
		{B2BB3372-F2E2-4AA3-83FD-F33924F51492}.Release|Any CPU.ActiveCfg = Release|Any CPU
		{B2BB3372-F2E2-4AA3-83FD-F33924F51492}.Release|Any CPU.Build.0 = Release|Any CPU
	EndGlobalSection
	GlobalSection(SolutionProperties) = preSolution
		HideSolutionNode = FALSE
	EndGlobalSection
	GlobalSection(ExtensibilityGlobals) = postSolution
		SolutionGuid = {68BE7F61-28DC-4B77-839A-08F372E65353}
	EndGlobalSection
EndGlobal
